
Microsoft Visual Studio Solution File, Format Version 12.00
# Visual Studio Version 16
VisualStudioVersion = 16.0.31205.134
MinimumVisualStudioVersion = 10.0.40219.1
Project("{FAE04EC0-301F-11D3-BF4B-00C04F79EFBC}") = "EZCounter", "EZCounter.csproj", "{A7123734-4223-454F-B914-076F8D21858C}"
EndProject
Global
	GlobalSection(SolutionConfigurationPlatforms) = preSolution
		Debug|Any CPU = Debug|Any CPU
		Release|Any CPU = Release|Any CPU
	EndGlobalSection
	GlobalSection(ProjectConfigurationPlatforms) = postSolution
		{A7123734-4223-454F-B914-076F8D21858C}.Debug|Any CPU.ActiveCfg = Debug|Any CPU
		{A7123734-4223-454F-B914-076F8D21858C}.Debug|Any CPU.Build.0 = Debug|Any CPU
		{A7123734-4223-454F-B914-076F8D21858C}.Release|Any CPU.ActiveCfg = Release|Any CPU
		{A7123734-4223-454F-B914-076F8D21858C}.Release|Any CPU.Build.0 = Release|Any CPU
	EndGlobalSection
	GlobalSection(SolutionProperties) = preSolution
		HideSolutionNode = FALSE
	EndGlobalSection
	GlobalSection(ExtensibilityGlobals) = postSolution
		SolutionGuid = {001160FC-6A1F-406C-B49A-B9FD32F7CF53}
	EndGlobalSection
EndGlobal
